
Microsoft Visual Studio Solution File, Format Version 12.00
# Visual Studio Version 16
VisualStudioVersion = 16.0.33529.622
MinimumVisualStudioVersion = 10.0.40219.1
Project("{FAE04EC0-301F-11D3-BF4B-00C04F79EFBC}") = "CSLSite", "CSLSite\CSLSite.csproj", "{613BE1B1-A54D-4955-866B-05DB3B644E81}"
	ProjectSection(ProjectDependencies) = postProject
		{40BA1FD9-73E8-4FA0-96BE-9B238BD8A536} = {40BA1FD9-73E8-4FA0-96BE-9B238BD8A536}
	EndProjectSection
EndProject
Project("{FAE04EC0-301F-11D3-BF4B-00C04F79EFBC}") = "csl_log", "csl_log\csl_log.csproj", "{D9CB22CB-ECB2-4400-B538-761B7A7CB5C7}"
EndProject
Project("{FAE04EC0-301F-11D3-BF4B-00C04F79EFBC}") = "HttpConector", "httpConector\HttpConector.csproj", "{6D91AC95-5E57-411F-9695-BD367EF4DD46}"
EndProject
Project("{FAE04EC0-301F-11D3-BF4B-00C04F79EFBC}") = "ProcesaUnits", "ProcesaUnits\ProcesaUnits.csproj", "{40BA1FD9-73E8-4FA0-96BE-9B238BD8A536}"
EndProject
Project("{FAE04EC0-301F-11D3-BF4B-00C04F79EFBC}") = "ServicioEcuapass", "ServicioEcuapass\ServicioEcuapass.csproj", "{3E7C3D33-290D-4320-B286-98D8FB4ACD49}"
EndProject
Project("{FAE04EC0-301F-11D3-BF4B-00C04F79EFBC}") = "ControlOPC.Entidades", "ControlOPC.Entidades\ControlOPC.Entidades.csproj", "{B94540D9-26D1-4D5A-9C45-C8DC76497F5A}"
EndProject
Project("{FAE04EC0-301F-11D3-BF4B-00C04F79EFBC}") = "SQLHandler", "SQlHandler\SQLHandler.csproj", "{0E47AD71-6287-4DFE-9BA3-DB555319EE4C}"
EndProject
Project("{FAE04EC0-301F-11D3-BF4B-00C04F79EFBC}") = "ReceptioMtyStock", "ReceptioMtyStock\ReceptioMtyStock.csproj", "{AF0CC3AD-1489-4AF6-AB6B-536DDA1517F4}"
EndProject
Project("{FAE04EC0-301F-11D3-BF4B-00C04F79EFBC}") = "ClsNotasCreditos", "ClsNotasCreditos\ClsNotasCreditos.csproj", "{F6C935EF-ACF2-4052-B351-4B68A318FCCF}"
EndProject
Project("{FAE04EC0-301F-11D3-BF4B-00C04F79EFBC}") = "ZalCuenta", "ZalCuenta\ZalCuenta.csproj", "{4A026673-2B84-4208-9443-5B65C41FEF0D}"
EndProject
Project("{FAE04EC0-301F-11D3-BF4B-00C04F79EFBC}") = "ClsProformas", "ClsProformas\ClsProformas.csproj", "{3AD3E4EC-CBAB-4B0C-A0AD-2312F4E17BC8}"
EndProject
Project("{FAE04EC0-301F-11D3-BF4B-00C04F79EFBC}") = "ConectorBilling", "ConectorBilling\ConectorBilling.csproj", "{C712CD5B-C6A9-4D31-AEFF-68A0A86B045D}"
EndProject
Project("{FAE04EC0-301F-11D3-BF4B-00C04F79EFBC}") = "Barcode", "Barcode\Barcode.csproj", "{B771A004-825B-41E0-A1B5-3CF68FFA6B57}"
EndProject
Project("{FAE04EC0-301F-11D3-BF4B-00C04F79EFBC}") = "ClsAutorizaciones", "ClsAutorizaciones\ClsAutorizaciones.csproj", "{3ACF7E83-9403-49FB-951B-3FA2ED1AA061}"
EndProject
Project("{FAE04EC0-301F-11D3-BF4B-00C04F79EFBC}") = "MonitorVacios", "MonitorVacios\MonitorVacios.csproj", "{6FD32630-1FE0-427D-BE36-B816605E156A}"
EndProject
Project("{FAE04EC0-301F-11D3-BF4B-00C04F79EFBC}") = "ClsAisvSav", "AisvSav\ClsAisvSav.csproj", "{A206AE49-DAA4-464F-8D04-E8825DCEBECE}"
EndProject
Project("{FAE04EC0-301F-11D3-BF4B-00C04F79EFBC}") = "AccesoDatos", "AccesoDatos\AccesoDatos.csproj", "{69B1835F-3AF8-4063-A784-80C69670307A}"
EndProject
Project("{FAE04EC0-301F-11D3-BF4B-00C04F79EFBC}") = "Aduanas", "Aduanas\Aduanas.csproj", "{8882444A-F025-4D8E-A9B1-7F10B1FEFCC7}"
EndProject
Project("{FAE04EC0-301F-11D3-BF4B-00C04F79EFBC}") = "BDOperation", "BDOperation\BDOperation.csproj", "{92B88750-C9C2-4E28-8A7D-1D97585BCC6E}"
EndProject
Project("{FAE04EC0-301F-11D3-BF4B-00C04F79EFBC}") = "SqlConexion", "SqlConexion\SqlConexion.csproj", "{72E7C9D6-11E9-4BCA-A214-5D06B1B880FD}"
EndProject
Project("{FAE04EC0-301F-11D3-BF4B-00C04F79EFBC}") = "BillionAccesoDatos", "BillionAccesoDatos\BillionAccesoDatos.csproj", "{66C3BB9F-B96F-46A9-B410-CB16A2F4DE48}"
EndProject
Project("{FAE04EC0-301F-11D3-BF4B-00C04F79EFBC}") = "BillionAutenticacion", "BillionAutenticacion\BillionAutenticacion.csproj", "{03CF0432-6CCF-4C1D-9995-0FD0DC4CD15E}"
EndProject
Project("{FAE04EC0-301F-11D3-BF4B-00C04F79EFBC}") = "BillionEntidades", "BillionEntidades\BillionEntidades.csproj", "{50300D8F-5D66-49E1-AB83-322809F9226B}"
EndProject
Project("{FAE04EC0-301F-11D3-BF4B-00C04F79EFBC}") = "BillionReglasNegocio", "BillionReglasNegocio\BillionReglasNegocio.csproj", "{07E3F426-4E9E-47EF-8E1D-9DAA4585EB2E}"
EndProject
Project("{FAE04EC0-301F-11D3-BF4B-00C04F79EFBC}") = "CasManual", "CasManual\CasManual.csproj", "{B1D5BE0A-799D-404B-B042-4590AFA3C622}"
EndProject
Project("{FAE04EC0-301F-11D3-BF4B-00C04F79EFBC}") = "Configuraciones", "Configuraciones\Configuraciones.csproj", "{4D0A2B47-A4CD-4CDE-BF7B-767FEF8339E3}"
EndProject
Project("{FAE04EC0-301F-11D3-BF4B-00C04F79EFBC}") = "ControlPagos", "ControlPagos\ControlPagos.csproj", "{992B118F-9938-4CDA-9DFB-B90DABE9D61E}"
EndProject
Project("{FAE04EC0-301F-11D3-BF4B-00C04F79EFBC}") = "N4", "N4\N4.csproj", "{FEFD21DD-EF14-45A6-BE48-EAA338EFCB07}"
EndProject
Project("{FAE04EC0-301F-11D3-BF4B-00C04F79EFBC}") = "N4Ws", "N4Ws\N4Ws.csproj", "{51E68BB1-AEC3-4FE3-BD81-D575206AF2A8}"
EndProject
Project("{FAE04EC0-301F-11D3-BF4B-00C04F79EFBC}") = "PasePuerta", "PasePuerta\PasePuerta.csproj", "{9C09C189-61E0-46EE-9D41-BE0CBC61D036}"
EndProject
Project("{FAE04EC0-301F-11D3-BF4B-00C04F79EFBC}") = "Salesforces", "Salesforces\Salesforces.csproj", "{2DBC130B-C42D-47C8-8283-8E599FFB54AE}"
EndProject
Project("{FAE04EC0-301F-11D3-BF4B-00C04F79EFBC}") = "Sample", "Sample\Sample.csproj", "{FCEF743F-7B83-4D6D-BE1C-159070B1CC06}"
EndProject
Project("{FAE04EC0-301F-11D3-BF4B-00C04F79EFBC}") = "ServicesEntities", "ServicesEntities\ServicesEntities.csproj", "{0C3CA59D-99C7-4A83-8224-FB52D93E4CBE}"
EndProject
Project("{FAE04EC0-301F-11D3-BF4B-00C04F79EFBC}") = "BreakBulk", "BreakBulk\BreakBulk.csproj", "{719A6292-A589-4D3A-945A-77BE9FB7F993}"
EndProject
Project("{FAE04EC0-301F-11D3-BF4B-00C04F79EFBC}") = "ClsAppCgsa", "ClsAppCgsa\ClsAppCgsa.csproj", "{2ED24D82-4719-40BC-BF8C-46BC50BB9BBF}"
EndProject
Project("{FAE04EC0-301F-11D3-BF4B-00C04F79EFBC}") = "ClsOrdenesP2D", "ClsOrdenesP2D\ClsOrdenesP2D.csproj", "{FFC27FB8-1173-4004-805B-7D7D9FF512A7}"
EndProject
Project("{FAE04EC0-301F-11D3-BF4B-00C04F79EFBC}") = "N4WS_CRE", "N4WS_CRE\N4WS_CRE.csproj", "{2E4415C5-3D87-4104-B9CF-544C2E6492F2}"
EndProject
Project("{FAE04EC0-301F-11D3-BF4B-00C04F79EFBC}") = "VBSEntidades", "VBSEntidades\VBSEntidades.csproj", "{FD817F7F-0C19-42D9-BDC1-F5C2028B015B}"
EndProject
Project("{FAE04EC0-301F-11D3-BF4B-00C04F79EFBC}") = "CLSiteUnitLogic", "CLSiteUnitLogic\CLSiteUnitLogic.csproj", "{1D253392-DD20-412C-A5B7-3F62E8747533}"
EndProject
Global
	GlobalSection(SolutionConfigurationPlatforms) = preSolution
		Debug|Any CPU = Debug|Any CPU
		Debug|x64 = Debug|x64
		Release|Any CPU = Release|Any CPU
		Release|x64 = Release|x64
	EndGlobalSection
	GlobalSection(ProjectConfigurationPlatforms) = postSolution
		{613BE1B1-A54D-4955-866B-05DB3B644E81}.Debug|Any CPU.ActiveCfg = Debug|Any CPU
		{613BE1B1-A54D-4955-866B-05DB3B644E81}.Debug|Any CPU.Build.0 = Debug|Any CPU
		{613BE1B1-A54D-4955-866B-05DB3B644E81}.Debug|x64.ActiveCfg = Debug|x64
		{613BE1B1-A54D-4955-866B-05DB3B644E81}.Debug|x64.Build.0 = Debug|x64
		{613BE1B1-A54D-4955-866B-05DB3B644E81}.Release|Any CPU.ActiveCfg = Release|Any CPU
		{613BE1B1-A54D-4955-866B-05DB3B644E81}.Release|Any CPU.Build.0 = Release|Any CPU
		{613BE1B1-A54D-4955-866B-05DB3B644E81}.Release|x64.ActiveCfg = Release|x64
		{613BE1B1-A54D-4955-866B-05DB3B644E81}.Release|x64.Build.0 = Release|x64
		{D9CB22CB-ECB2-4400-B538-761B7A7CB5C7}.Debug|Any CPU.ActiveCfg = Debug|Any CPU
		{D9CB22CB-ECB2-4400-B538-761B7A7CB5C7}.Debug|Any CPU.Build.0 = Debug|Any CPU
		{D9CB22CB-ECB2-4400-B538-761B7A7CB5C7}.Debug|x64.ActiveCfg = Debug|Any CPU
		{D9CB22CB-ECB2-4400-B538-761B7A7CB5C7}.Debug|x64.Build.0 = Debug|Any CPU
		{D9CB22CB-ECB2-4400-B538-761B7A7CB5C7}.Release|Any CPU.ActiveCfg = Release|Any CPU
		{D9CB22CB-ECB2-4400-B538-761B7A7CB5C7}.Release|Any CPU.Build.0 = Release|Any CPU
		{D9CB22CB-ECB2-4400-B538-761B7A7CB5C7}.Release|x64.ActiveCfg = Release|Any CPU
		{D9CB22CB-ECB2-4400-B538-761B7A7CB5C7}.Release|x64.Build.0 = Release|Any CPU
		{6D91AC95-5E57-411F-9695-BD367EF4DD46}.Debug|Any CPU.ActiveCfg = Debug|Any CPU
		{6D91AC95-5E57-411F-9695-BD367EF4DD46}.Debug|Any CPU.Build.0 = Debug|Any CPU
		{6D91AC95-5E57-411F-9695-BD367EF4DD46}.Debug|x64.ActiveCfg = Debug|Any CPU
		{6D91AC95-5E57-411F-9695-BD367EF4DD46}.Debug|x64.Build.0 = Debug|Any CPU
		{6D91AC95-5E57-411F-9695-BD367EF4DD46}.Release|Any CPU.ActiveCfg = Release|Any CPU
		{6D91AC95-5E57-411F-9695-BD367EF4DD46}.Release|Any CPU.Build.0 = Release|Any CPU
		{6D91AC95-5E57-411F-9695-BD367EF4DD46}.Release|x64.ActiveCfg = Release|Any CPU
		{6D91AC95-5E57-411F-9695-BD367EF4DD46}.Release|x64.Build.0 = Release|Any CPU
		{40BA1FD9-73E8-4FA0-96BE-9B238BD8A536}.Debug|Any CPU.ActiveCfg = Debug|Any CPU
		{40BA1FD9-73E8-4FA0-96BE-9B238BD8A536}.Debug|Any CPU.Build.0 = Debug|Any CPU
		{40BA1FD9-73E8-4FA0-96BE-9B238BD8A536}.Debug|x64.ActiveCfg = Debug|Any CPU
		{40BA1FD9-73E8-4FA0-96BE-9B238BD8A536}.Debug|x64.Build.0 = Debug|Any CPU
		{40BA1FD9-73E8-4FA0-96BE-9B238BD8A536}.Release|Any CPU.ActiveCfg = Release|Any CPU
		{40BA1FD9-73E8-4FA0-96BE-9B238BD8A536}.Release|Any CPU.Build.0 = Release|Any CPU
		{40BA1FD9-73E8-4FA0-96BE-9B238BD8A536}.Release|x64.ActiveCfg = Release|Any CPU
		{40BA1FD9-73E8-4FA0-96BE-9B238BD8A536}.Release|x64.Build.0 = Release|Any CPU
		{3E7C3D33-290D-4320-B286-98D8FB4ACD49}.Debug|Any CPU.ActiveCfg = Debug|Any CPU
		{3E7C3D33-290D-4320-B286-98D8FB4ACD49}.Debug|Any CPU.Build.0 = Debug|Any CPU
		{3E7C3D33-290D-4320-B286-98D8FB4ACD49}.Debug|x64.ActiveCfg = Debug|Any CPU
		{3E7C3D33-290D-4320-B286-98D8FB4ACD49}.Debug|x64.Build.0 = Debug|Any CPU
		{3E7C3D33-290D-4320-B286-98D8FB4ACD49}.Release|Any CPU.ActiveCfg = Release|Any CPU
		{3E7C3D33-290D-4320-B286-98D8FB4ACD49}.Release|Any CPU.Build.0 = Release|Any CPU
		{3E7C3D33-290D-4320-B286-98D8FB4ACD49}.Release|x64.ActiveCfg = Release|Any CPU
		{3E7C3D33-290D-4320-B286-98D8FB4ACD49}.Release|x64.Build.0 = Release|Any CPU
		{B94540D9-26D1-4D5A-9C45-C8DC76497F5A}.Debug|Any CPU.ActiveCfg = Debug|Any CPU
		{B94540D9-26D1-4D5A-9C45-C8DC76497F5A}.Debug|Any CPU.Build.0 = Debug|Any CPU
		{B94540D9-26D1-4D5A-9C45-C8DC76497F5A}.Debug|x64.ActiveCfg = Debug|Any CPU
		{B94540D9-26D1-4D5A-9C45-C8DC76497F5A}.Debug|x64.Build.0 = Debug|Any CPU
		{B94540D9-26D1-4D5A-9C45-C8DC76497F5A}.Release|Any CPU.ActiveCfg = Release|Any CPU
		{B94540D9-26D1-4D5A-9C45-C8DC76497F5A}.Release|Any CPU.Build.0 = Release|Any CPU
		{B94540D9-26D1-4D5A-9C45-C8DC76497F5A}.Release|x64.ActiveCfg = Release|Any CPU
		{B94540D9-26D1-4D5A-9C45-C8DC76497F5A}.Release|x64.Build.0 = Release|Any CPU
		{0E47AD71-6287-4DFE-9BA3-DB555319EE4C}.Debug|Any CPU.ActiveCfg = Debug|Any CPU
		{0E47AD71-6287-4DFE-9BA3-DB555319EE4C}.Debug|Any CPU.Build.0 = Debug|Any CPU
		{0E47AD71-6287-4DFE-9BA3-DB555319EE4C}.Debug|x64.ActiveCfg = Debug|Any CPU
		{0E47AD71-6287-4DFE-9BA3-DB555319EE4C}.Debug|x64.Build.0 = Debug|Any CPU
		{0E47AD71-6287-4DFE-9BA3-DB555319EE4C}.Release|Any CPU.ActiveCfg = Release|Any CPU
		{0E47AD71-6287-4DFE-9BA3-DB555319EE4C}.Release|Any CPU.Build.0 = Release|Any CPU
		{0E47AD71-6287-4DFE-9BA3-DB555319EE4C}.Release|x64.ActiveCfg = Release|Any CPU
		{0E47AD71-6287-4DFE-9BA3-DB555319EE4C}.Release|x64.Build.0 = Release|Any CPU
		{AF0CC3AD-1489-4AF6-AB6B-536DDA1517F4}.Debug|Any CPU.ActiveCfg = Debug|Any CPU
		{AF0CC3AD-1489-4AF6-AB6B-536DDA1517F4}.Debug|Any CPU.Build.0 = Debug|Any CPU
		{AF0CC3AD-1489-4AF6-AB6B-536DDA1517F4}.Debug|x64.ActiveCfg = Debug|Any CPU
		{AF0CC3AD-1489-4AF6-AB6B-536DDA1517F4}.Debug|x64.Build.0 = Debug|Any CPU
		{AF0CC3AD-1489-4AF6-AB6B-536DDA1517F4}.Release|Any CPU.ActiveCfg = Release|Any CPU
		{AF0CC3AD-1489-4AF6-AB6B-536DDA1517F4}.Release|Any CPU.Build.0 = Release|Any CPU
		{AF0CC3AD-1489-4AF6-AB6B-536DDA1517F4}.Release|x64.ActiveCfg = Release|Any CPU
		{AF0CC3AD-1489-4AF6-AB6B-536DDA1517F4}.Release|x64.Build.0 = Release|Any CPU
		{F6C935EF-ACF2-4052-B351-4B68A318FCCF}.Debug|Any CPU.ActiveCfg = Debug|Any CPU
		{F6C935EF-ACF2-4052-B351-4B68A318FCCF}.Debug|Any CPU.Build.0 = Debug|Any CPU
		{F6C935EF-ACF2-4052-B351-4B68A318FCCF}.Debug|x64.ActiveCfg = Debug|x64
		{F6C935EF-ACF2-4052-B351-4B68A318FCCF}.Debug|x64.Build.0 = Debug|x64
		{F6C935EF-ACF2-4052-B351-4B68A318FCCF}.Release|Any CPU.ActiveCfg = Release|Any CPU
		{F6C935EF-ACF2-4052-B351-4B68A318FCCF}.Release|Any CPU.Build.0 = Release|Any CPU
		{F6C935EF-ACF2-4052-B351-4B68A318FCCF}.Release|x64.ActiveCfg = Release|x64
		{F6C935EF-ACF2-4052-B351-4B68A318FCCF}.Release|x64.Build.0 = Release|x64
		{4A026673-2B84-4208-9443-5B65C41FEF0D}.Debug|Any CPU.ActiveCfg = Debug|Any CPU
		{4A026673-2B84-4208-9443-5B65C41FEF0D}.Debug|Any CPU.Build.0 = Debug|Any CPU
		{4A026673-2B84-4208-9443-5B65C41FEF0D}.Debug|x64.ActiveCfg = Debug|Any CPU
		{4A026673-2B84-4208-9443-5B65C41FEF0D}.Debug|x64.Build.0 = Debug|Any CPU
		{4A026673-2B84-4208-9443-5B65C41FEF0D}.Release|Any CPU.ActiveCfg = Release|Any CPU
		{4A026673-2B84-4208-9443-5B65C41FEF0D}.Release|Any CPU.Build.0 = Release|Any CPU
		{4A026673-2B84-4208-9443-5B65C41FEF0D}.Release|x64.ActiveCfg = Release|Any CPU
		{4A026673-2B84-4208-9443-5B65C41FEF0D}.Release|x64.Build.0 = Release|Any CPU
		{3AD3E4EC-CBAB-4B0C-A0AD-2312F4E17BC8}.Debug|Any CPU.ActiveCfg = Debug|Any CPU
		{3AD3E4EC-CBAB-4B0C-A0AD-2312F4E17BC8}.Debug|Any CPU.Build.0 = Debug|Any CPU
		{3AD3E4EC-CBAB-4B0C-A0AD-2312F4E17BC8}.Debug|x64.ActiveCfg = Debug|Any CPU
		{3AD3E4EC-CBAB-4B0C-A0AD-2312F4E17BC8}.Debug|x64.Build.0 = Debug|Any CPU
		{3AD3E4EC-CBAB-4B0C-A0AD-2312F4E17BC8}.Release|Any CPU.ActiveCfg = Release|Any CPU
		{3AD3E4EC-CBAB-4B0C-A0AD-2312F4E17BC8}.Release|Any CPU.Build.0 = Release|Any CPU
		{3AD3E4EC-CBAB-4B0C-A0AD-2312F4E17BC8}.Release|x64.ActiveCfg = Release|Any CPU
		{3AD3E4EC-CBAB-4B0C-A0AD-2312F4E17BC8}.Release|x64.Build.0 = Release|Any CPU
		{C712CD5B-C6A9-4D31-AEFF-68A0A86B045D}.Debug|Any CPU.ActiveCfg = Debug|Any CPU
		{C712CD5B-C6A9-4D31-AEFF-68A0A86B045D}.Debug|Any CPU.Build.0 = Debug|Any CPU
		{C712CD5B-C6A9-4D31-AEFF-68A0A86B045D}.Debug|x64.ActiveCfg = Debug|Any CPU
		{C712CD5B-C6A9-4D31-AEFF-68A0A86B045D}.Debug|x64.Build.0 = Debug|Any CPU
		{C712CD5B-C6A9-4D31-AEFF-68A0A86B045D}.Release|Any CPU.ActiveCfg = Release|Any CPU
		{C712CD5B-C6A9-4D31-AEFF-68A0A86B045D}.Release|Any CPU.Build.0 = Release|Any CPU
		{C712CD5B-C6A9-4D31-AEFF-68A0A86B045D}.Release|x64.ActiveCfg = Release|Any CPU
		{C712CD5B-C6A9-4D31-AEFF-68A0A86B045D}.Release|x64.Build.0 = Release|Any CPU
		{B771A004-825B-41E0-A1B5-3CF68FFA6B57}.Debug|Any CPU.ActiveCfg = Debug|Any CPU
		{B771A004-825B-41E0-A1B5-3CF68FFA6B57}.Debug|Any CPU.Build.0 = Debug|Any CPU
		{B771A004-825B-41E0-A1B5-3CF68FFA6B57}.Debug|x64.ActiveCfg = Debug|Any CPU
		{B771A004-825B-41E0-A1B5-3CF68FFA6B57}.Debug|x64.Build.0 = Debug|Any CPU
		{B771A004-825B-41E0-A1B5-3CF68FFA6B57}.Release|Any CPU.ActiveCfg = Release|Any CPU
		{B771A004-825B-41E0-A1B5-3CF68FFA6B57}.Release|Any CPU.Build.0 = Release|Any CPU
		{B771A004-825B-41E0-A1B5-3CF68FFA6B57}.Release|x64.ActiveCfg = Release|Any CPU
		{B771A004-825B-41E0-A1B5-3CF68FFA6B57}.Release|x64.Build.0 = Release|Any CPU
		{3ACF7E83-9403-49FB-951B-3FA2ED1AA061}.Debug|Any CPU.ActiveCfg = Debug|Any CPU
		{3ACF7E83-9403-49FB-951B-3FA2ED1AA061}.Debug|Any CPU.Build.0 = Debug|Any CPU
		{3ACF7E83-9403-49FB-951B-3FA2ED1AA061}.Debug|x64.ActiveCfg = Debug|Any CPU
		{3ACF7E83-9403-49FB-951B-3FA2ED1AA061}.Debug|x64.Build.0 = Debug|Any CPU
		{3ACF7E83-9403-49FB-951B-3FA2ED1AA061}.Release|Any CPU.ActiveCfg = Release|Any CPU
		{3ACF7E83-9403-49FB-951B-3FA2ED1AA061}.Release|Any CPU.Build.0 = Release|Any CPU
		{3ACF7E83-9403-49FB-951B-3FA2ED1AA061}.Release|x64.ActiveCfg = Release|Any CPU
		{3ACF7E83-9403-49FB-951B-3FA2ED1AA061}.Release|x64.Build.0 = Release|Any CPU
		{6FD32630-1FE0-427D-BE36-B816605E156A}.Debug|Any CPU.ActiveCfg = Debug|Any CPU
		{6FD32630-1FE0-427D-BE36-B816605E156A}.Debug|Any CPU.Build.0 = Debug|Any CPU
		{6FD32630-1FE0-427D-BE36-B816605E156A}.Debug|x64.ActiveCfg = Debug|Any CPU
		{6FD32630-1FE0-427D-BE36-B816605E156A}.Debug|x64.Build.0 = Debug|Any CPU
		{6FD32630-1FE0-427D-BE36-B816605E156A}.Release|Any CPU.ActiveCfg = Release|Any CPU
		{6FD32630-1FE0-427D-BE36-B816605E156A}.Release|Any CPU.Build.0 = Release|Any CPU
		{6FD32630-1FE0-427D-BE36-B816605E156A}.Release|x64.ActiveCfg = Release|Any CPU
		{6FD32630-1FE0-427D-BE36-B816605E156A}.Release|x64.Build.0 = Release|Any CPU
		{A206AE49-DAA4-464F-8D04-E8825DCEBECE}.Debug|Any CPU.ActiveCfg = Debug|Any CPU
		{A206AE49-DAA4-464F-8D04-E8825DCEBECE}.Debug|Any CPU.Build.0 = Debug|Any CPU
		{A206AE49-DAA4-464F-8D04-E8825DCEBECE}.Debug|x64.ActiveCfg = Debug|Any CPU
		{A206AE49-DAA4-464F-8D04-E8825DCEBECE}.Debug|x64.Build.0 = Debug|Any CPU
		{A206AE49-DAA4-464F-8D04-E8825DCEBECE}.Release|Any CPU.ActiveCfg = Release|Any CPU
		{A206AE49-DAA4-464F-8D04-E8825DCEBECE}.Release|Any CPU.Build.0 = Release|Any CPU
		{A206AE49-DAA4-464F-8D04-E8825DCEBECE}.Release|x64.ActiveCfg = Release|Any CPU
		{A206AE49-DAA4-464F-8D04-E8825DCEBECE}.Release|x64.Build.0 = Release|Any CPU
		{69B1835F-3AF8-4063-A784-80C69670307A}.Debug|Any CPU.ActiveCfg = Debug|Any CPU
		{69B1835F-3AF8-4063-A784-80C69670307A}.Debug|Any CPU.Build.0 = Debug|Any CPU
		{69B1835F-3AF8-4063-A784-80C69670307A}.Debug|x64.ActiveCfg = Debug|Any CPU
		{69B1835F-3AF8-4063-A784-80C69670307A}.Debug|x64.Build.0 = Debug|Any CPU
		{69B1835F-3AF8-4063-A784-80C69670307A}.Release|Any CPU.ActiveCfg = Release|Any CPU
		{69B1835F-3AF8-4063-A784-80C69670307A}.Release|Any CPU.Build.0 = Release|Any CPU
		{69B1835F-3AF8-4063-A784-80C69670307A}.Release|x64.ActiveCfg = Release|Any CPU
		{69B1835F-3AF8-4063-A784-80C69670307A}.Release|x64.Build.0 = Release|Any CPU
		{8882444A-F025-4D8E-A9B1-7F10B1FEFCC7}.Debug|Any CPU.ActiveCfg = Debug|Any CPU
		{8882444A-F025-4D8E-A9B1-7F10B1FEFCC7}.Debug|Any CPU.Build.0 = Debug|Any CPU
		{8882444A-F025-4D8E-A9B1-7F10B1FEFCC7}.Debug|x64.ActiveCfg = Debug|Any CPU
		{8882444A-F025-4D8E-A9B1-7F10B1FEFCC7}.Debug|x64.Build.0 = Debug|Any CPU
		{8882444A-F025-4D8E-A9B1-7F10B1FEFCC7}.Release|Any CPU.ActiveCfg = Release|Any CPU
		{8882444A-F025-4D8E-A9B1-7F10B1FEFCC7}.Release|Any CPU.Build.0 = Release|Any CPU
		{8882444A-F025-4D8E-A9B1-7F10B1FEFCC7}.Release|x64.ActiveCfg = Release|Any CPU
		{8882444A-F025-4D8E-A9B1-7F10B1FEFCC7}.Release|x64.Build.0 = Release|Any CPU
		{92B88750-C9C2-4E28-8A7D-1D97585BCC6E}.Debug|Any CPU.ActiveCfg = Debug|Any CPU
		{92B88750-C9C2-4E28-8A7D-1D97585BCC6E}.Debug|Any CPU.Build.0 = Debug|Any CPU
		{92B88750-C9C2-4E28-8A7D-1D97585BCC6E}.Debug|x64.ActiveCfg = Debug|Any CPU
		{92B88750-C9C2-4E28-8A7D-1D97585BCC6E}.Debug|x64.Build.0 = Debug|Any CPU
		{92B88750-C9C2-4E28-8A7D-1D97585BCC6E}.Release|Any CPU.ActiveCfg = Release|Any CPU
		{92B88750-C9C2-4E28-8A7D-1D97585BCC6E}.Release|Any CPU.Build.0 = Release|Any CPU
		{92B88750-C9C2-4E28-8A7D-1D97585BCC6E}.Release|x64.ActiveCfg = Release|Any CPU
		{92B88750-C9C2-4E28-8A7D-1D97585BCC6E}.Release|x64.Build.0 = Release|Any CPU
		{72E7C9D6-11E9-4BCA-A214-5D06B1B880FD}.Debug|Any CPU.ActiveCfg = Debug|Any CPU
		{72E7C9D6-11E9-4BCA-A214-5D06B1B880FD}.Debug|Any CPU.Build.0 = Debug|Any CPU
		{72E7C9D6-11E9-4BCA-A214-5D06B1B880FD}.Debug|x64.ActiveCfg = Debug|Any CPU
		{72E7C9D6-11E9-4BCA-A214-5D06B1B880FD}.Debug|x64.Build.0 = Debug|Any CPU
		{72E7C9D6-11E9-4BCA-A214-5D06B1B880FD}.Release|Any CPU.ActiveCfg = Release|Any CPU
		{72E7C9D6-11E9-4BCA-A214-5D06B1B880FD}.Release|Any CPU.Build.0 = Release|Any CPU
		{72E7C9D6-11E9-4BCA-A214-5D06B1B880FD}.Release|x64.ActiveCfg = Release|Any CPU
		{72E7C9D6-11E9-4BCA-A214-5D06B1B880FD}.Release|x64.Build.0 = Release|Any CPU
		{66C3BB9F-B96F-46A9-B410-CB16A2F4DE48}.Debug|Any CPU.ActiveCfg = Debug|Any CPU
		{66C3BB9F-B96F-46A9-B410-CB16A2F4DE48}.Debug|Any CPU.Build.0 = Debug|Any CPU
		{66C3BB9F-B96F-46A9-B410-CB16A2F4DE48}.Debug|x64.ActiveCfg = Debug|Any CPU
		{66C3BB9F-B96F-46A9-B410-CB16A2F4DE48}.Debug|x64.Build.0 = Debug|Any CPU
		{66C3BB9F-B96F-46A9-B410-CB16A2F4DE48}.Release|Any CPU.ActiveCfg = Release|Any CPU
		{66C3BB9F-B96F-46A9-B410-CB16A2F4DE48}.Release|Any CPU.Build.0 = Release|Any CPU
		{66C3BB9F-B96F-46A9-B410-CB16A2F4DE48}.Release|x64.ActiveCfg = Release|Any CPU
		{66C3BB9F-B96F-46A9-B410-CB16A2F4DE48}.Release|x64.Build.0 = Release|Any CPU
		{03CF0432-6CCF-4C1D-9995-0FD0DC4CD15E}.Debug|Any CPU.ActiveCfg = Debug|Any CPU
		{03CF0432-6CCF-4C1D-9995-0FD0DC4CD15E}.Debug|Any CPU.Build.0 = Debug|Any CPU
		{03CF0432-6CCF-4C1D-9995-0FD0DC4CD15E}.Debug|x64.ActiveCfg = Debug|Any CPU
		{03CF0432-6CCF-4C1D-9995-0FD0DC4CD15E}.Debug|x64.Build.0 = Debug|Any CPU
		{03CF0432-6CCF-4C1D-9995-0FD0DC4CD15E}.Release|Any CPU.ActiveCfg = Release|Any CPU
		{03CF0432-6CCF-4C1D-9995-0FD0DC4CD15E}.Release|Any CPU.Build.0 = Release|Any CPU
		{03CF0432-6CCF-4C1D-9995-0FD0DC4CD15E}.Release|x64.ActiveCfg = Release|Any CPU
		{03CF0432-6CCF-4C1D-9995-0FD0DC4CD15E}.Release|x64.Build.0 = Release|Any CPU
		{50300D8F-5D66-49E1-AB83-322809F9226B}.Debug|Any CPU.ActiveCfg = Debug|Any CPU
		{50300D8F-5D66-49E1-AB83-322809F9226B}.Debug|Any CPU.Build.0 = Debug|Any CPU
		{50300D8F-5D66-49E1-AB83-322809F9226B}.Debug|x64.ActiveCfg = Debug|Any CPU
		{50300D8F-5D66-49E1-AB83-322809F9226B}.Debug|x64.Build.0 = Debug|Any CPU
		{50300D8F-5D66-49E1-AB83-322809F9226B}.Release|Any CPU.ActiveCfg = Release|Any CPU
		{50300D8F-5D66-49E1-AB83-322809F9226B}.Release|Any CPU.Build.0 = Release|Any CPU
		{50300D8F-5D66-49E1-AB83-322809F9226B}.Release|x64.ActiveCfg = Release|Any CPU
		{50300D8F-5D66-49E1-AB83-322809F9226B}.Release|x64.Build.0 = Release|Any CPU
		{07E3F426-4E9E-47EF-8E1D-9DAA4585EB2E}.Debug|Any CPU.ActiveCfg = Debug|Any CPU
		{07E3F426-4E9E-47EF-8E1D-9DAA4585EB2E}.Debug|Any CPU.Build.0 = Debug|Any CPU
		{07E3F426-4E9E-47EF-8E1D-9DAA4585EB2E}.Debug|x64.ActiveCfg = Debug|Any CPU
		{07E3F426-4E9E-47EF-8E1D-9DAA4585EB2E}.Debug|x64.Build.0 = Debug|Any CPU
		{07E3F426-4E9E-47EF-8E1D-9DAA4585EB2E}.Release|Any CPU.ActiveCfg = Release|Any CPU
		{07E3F426-4E9E-47EF-8E1D-9DAA4585EB2E}.Release|Any CPU.Build.0 = Release|Any CPU
		{07E3F426-4E9E-47EF-8E1D-9DAA4585EB2E}.Release|x64.ActiveCfg = Release|Any CPU
		{07E3F426-4E9E-47EF-8E1D-9DAA4585EB2E}.Release|x64.Build.0 = Release|Any CPU
		{B1D5BE0A-799D-404B-B042-4590AFA3C622}.Debug|Any CPU.ActiveCfg = Debug|Any CPU
		{B1D5BE0A-799D-404B-B042-4590AFA3C622}.Debug|Any CPU.Build.0 = Debug|Any CPU
		{B1D5BE0A-799D-404B-B042-4590AFA3C622}.Debug|x64.ActiveCfg = Debug|Any CPU
		{B1D5BE0A-799D-404B-B042-4590AFA3C622}.Debug|x64.Build.0 = Debug|Any CPU
		{B1D5BE0A-799D-404B-B042-4590AFA3C622}.Release|Any CPU.ActiveCfg = Release|Any CPU
		{B1D5BE0A-799D-404B-B042-4590AFA3C622}.Release|Any CPU.Build.0 = Release|Any CPU
		{B1D5BE0A-799D-404B-B042-4590AFA3C622}.Release|x64.ActiveCfg = Release|Any CPU
		{B1D5BE0A-799D-404B-B042-4590AFA3C622}.Release|x64.Build.0 = Release|Any CPU
		{4D0A2B47-A4CD-4CDE-BF7B-767FEF8339E3}.Debug|Any CPU.ActiveCfg = Debug|Any CPU
		{4D0A2B47-A4CD-4CDE-BF7B-767FEF8339E3}.Debug|Any CPU.Build.0 = Debug|Any CPU
		{4D0A2B47-A4CD-4CDE-BF7B-767FEF8339E3}.Debug|x64.ActiveCfg = Debug|Any CPU
		{4D0A2B47-A4CD-4CDE-BF7B-767FEF8339E3}.Debug|x64.Build.0 = Debug|Any CPU
		{4D0A2B47-A4CD-4CDE-BF7B-767FEF8339E3}.Release|Any CPU.ActiveCfg = Release|Any CPU
		{4D0A2B47-A4CD-4CDE-BF7B-767FEF8339E3}.Release|Any CPU.Build.0 = Release|Any CPU
		{4D0A2B47-A4CD-4CDE-BF7B-767FEF8339E3}.Release|x64.ActiveCfg = Release|Any CPU
		{4D0A2B47-A4CD-4CDE-BF7B-767FEF8339E3}.Release|x64.Build.0 = Release|Any CPU
		{992B118F-9938-4CDA-9DFB-B90DABE9D61E}.Debug|Any CPU.ActiveCfg = Debug|Any CPU
		{992B118F-9938-4CDA-9DFB-B90DABE9D61E}.Debug|Any CPU.Build.0 = Debug|Any CPU
		{992B118F-9938-4CDA-9DFB-B90DABE9D61E}.Debug|x64.ActiveCfg = Debug|Any CPU
		{992B118F-9938-4CDA-9DFB-B90DABE9D61E}.Debug|x64.Build.0 = Debug|Any CPU
		{992B118F-9938-4CDA-9DFB-B90DABE9D61E}.Release|Any CPU.ActiveCfg = Release|Any CPU
		{992B118F-9938-4CDA-9DFB-B90DABE9D61E}.Release|Any CPU.Build.0 = Release|Any CPU
		{992B118F-9938-4CDA-9DFB-B90DABE9D61E}.Release|x64.ActiveCfg = Release|Any CPU
		{992B118F-9938-4CDA-9DFB-B90DABE9D61E}.Release|x64.Build.0 = Release|Any CPU
		{FEFD21DD-EF14-45A6-BE48-EAA338EFCB07}.Debug|Any CPU.ActiveCfg = Debug|Any CPU
		{FEFD21DD-EF14-45A6-BE48-EAA338EFCB07}.Debug|Any CPU.Build.0 = Debug|Any CPU
		{FEFD21DD-EF14-45A6-BE48-EAA338EFCB07}.Debug|x64.ActiveCfg = Debug|Any CPU
		{FEFD21DD-EF14-45A6-BE48-EAA338EFCB07}.Debug|x64.Build.0 = Debug|Any CPU
		{FEFD21DD-EF14-45A6-BE48-EAA338EFCB07}.Release|Any CPU.ActiveCfg = Release|Any CPU
		{FEFD21DD-EF14-45A6-BE48-EAA338EFCB07}.Release|Any CPU.Build.0 = Release|Any CPU
		{FEFD21DD-EF14-45A6-BE48-EAA338EFCB07}.Release|x64.ActiveCfg = Release|Any CPU
		{FEFD21DD-EF14-45A6-BE48-EAA338EFCB07}.Release|x64.Build.0 = Release|Any CPU
		{51E68BB1-AEC3-4FE3-BD81-D575206AF2A8}.Debug|Any CPU.ActiveCfg = Debug|Any CPU
		{51E68BB1-AEC3-4FE3-BD81-D575206AF2A8}.Debug|Any CPU.Build.0 = Debug|Any CPU
		{51E68BB1-AEC3-4FE3-BD81-D575206AF2A8}.Debug|x64.ActiveCfg = Debug|Any CPU
		{51E68BB1-AEC3-4FE3-BD81-D575206AF2A8}.Debug|x64.Build.0 = Debug|Any CPU
		{51E68BB1-AEC3-4FE3-BD81-D575206AF2A8}.Release|Any CPU.ActiveCfg = Release|Any CPU
		{51E68BB1-AEC3-4FE3-BD81-D575206AF2A8}.Release|Any CPU.Build.0 = Release|Any CPU
		{51E68BB1-AEC3-4FE3-BD81-D575206AF2A8}.Release|x64.ActiveCfg = Release|Any CPU
		{51E68BB1-AEC3-4FE3-BD81-D575206AF2A8}.Release|x64.Build.0 = Release|Any CPU
		{9C09C189-61E0-46EE-9D41-BE0CBC61D036}.Debug|Any CPU.ActiveCfg = Debug|Any CPU
		{9C09C189-61E0-46EE-9D41-BE0CBC61D036}.Debug|Any CPU.Build.0 = Debug|Any CPU
		{9C09C189-61E0-46EE-9D41-BE0CBC61D036}.Debug|x64.ActiveCfg = Debug|Any CPU
		{9C09C189-61E0-46EE-9D41-BE0CBC61D036}.Debug|x64.Build.0 = Debug|Any CPU
		{9C09C189-61E0-46EE-9D41-BE0CBC61D036}.Release|Any CPU.ActiveCfg = Release|Any CPU
		{9C09C189-61E0-46EE-9D41-BE0CBC61D036}.Release|Any CPU.Build.0 = Release|Any CPU
		{9C09C189-61E0-46EE-9D41-BE0CBC61D036}.Release|x64.ActiveCfg = Release|Any CPU
		{9C09C189-61E0-46EE-9D41-BE0CBC61D036}.Release|x64.Build.0 = Release|Any CPU
		{2DBC130B-C42D-47C8-8283-8E599FFB54AE}.Debug|Any CPU.ActiveCfg = Debug|Any CPU
		{2DBC130B-C42D-47C8-8283-8E599FFB54AE}.Debug|Any CPU.Build.0 = Debug|Any CPU
		{2DBC130B-C42D-47C8-8283-8E599FFB54AE}.Debug|x64.ActiveCfg = Debug|Any CPU
		{2DBC130B-C42D-47C8-8283-8E599FFB54AE}.Debug|x64.Build.0 = Debug|Any CPU
		{2DBC130B-C42D-47C8-8283-8E599FFB54AE}.Release|Any CPU.ActiveCfg = Release|Any CPU
		{2DBC130B-C42D-47C8-8283-8E599FFB54AE}.Release|Any CPU.Build.0 = Release|Any CPU
		{2DBC130B-C42D-47C8-8283-8E599FFB54AE}.Release|x64.ActiveCfg = Release|Any CPU
		{2DBC130B-C42D-47C8-8283-8E599FFB54AE}.Release|x64.Build.0 = Release|Any CPU
		{FCEF743F-7B83-4D6D-BE1C-159070B1CC06}.Debug|Any CPU.ActiveCfg = Debug|Any CPU
		{FCEF743F-7B83-4D6D-BE1C-159070B1CC06}.Debug|Any CPU.Build.0 = Debug|Any CPU
		{FCEF743F-7B83-4D6D-BE1C-159070B1CC06}.Debug|x64.ActiveCfg = Debug|Any CPU
		{FCEF743F-7B83-4D6D-BE1C-159070B1CC06}.Debug|x64.Build.0 = Debug|Any CPU
		{FCEF743F-7B83-4D6D-BE1C-159070B1CC06}.Release|Any CPU.ActiveCfg = Release|Any CPU
		{FCEF743F-7B83-4D6D-BE1C-159070B1CC06}.Release|Any CPU.Build.0 = Release|Any CPU
		{FCEF743F-7B83-4D6D-BE1C-159070B1CC06}.Release|x64.ActiveCfg = Release|Any CPU
		{FCEF743F-7B83-4D6D-BE1C-159070B1CC06}.Release|x64.Build.0 = Release|Any CPU
		{0C3CA59D-99C7-4A83-8224-FB52D93E4CBE}.Debug|Any CPU.ActiveCfg = Debug|Any CPU
		{0C3CA59D-99C7-4A83-8224-FB52D93E4CBE}.Debug|Any CPU.Build.0 = Debug|Any CPU
		{0C3CA59D-99C7-4A83-8224-FB52D93E4CBE}.Debug|x64.ActiveCfg = Debug|Any CPU
		{0C3CA59D-99C7-4A83-8224-FB52D93E4CBE}.Debug|x64.Build.0 = Debug|Any CPU
		{0C3CA59D-99C7-4A83-8224-FB52D93E4CBE}.Release|Any CPU.ActiveCfg = Release|Any CPU
		{0C3CA59D-99C7-4A83-8224-FB52D93E4CBE}.Release|Any CPU.Build.0 = Release|Any CPU
		{0C3CA59D-99C7-4A83-8224-FB52D93E4CBE}.Release|x64.ActiveCfg = Release|Any CPU
		{0C3CA59D-99C7-4A83-8224-FB52D93E4CBE}.Release|x64.Build.0 = Release|Any CPU
		{719A6292-A589-4D3A-945A-77BE9FB7F993}.Debug|Any CPU.ActiveCfg = Debug|Any CPU
		{719A6292-A589-4D3A-945A-77BE9FB7F993}.Debug|Any CPU.Build.0 = Debug|Any CPU
		{719A6292-A589-4D3A-945A-77BE9FB7F993}.Debug|x64.ActiveCfg = Debug|Any CPU
		{719A6292-A589-4D3A-945A-77BE9FB7F993}.Debug|x64.Build.0 = Debug|Any CPU
		{719A6292-A589-4D3A-945A-77BE9FB7F993}.Release|Any CPU.ActiveCfg = Release|Any CPU
		{719A6292-A589-4D3A-945A-77BE9FB7F993}.Release|Any CPU.Build.0 = Release|Any CPU
		{719A6292-A589-4D3A-945A-77BE9FB7F993}.Release|x64.ActiveCfg = Release|Any CPU
		{719A6292-A589-4D3A-945A-77BE9FB7F993}.Release|x64.Build.0 = Release|Any CPU
		{2ED24D82-4719-40BC-BF8C-46BC50BB9BBF}.Debug|Any CPU.ActiveCfg = Debug|Any CPU
		{2ED24D82-4719-40BC-BF8C-46BC50BB9BBF}.Debug|Any CPU.Build.0 = Debug|Any CPU
		{2ED24D82-4719-40BC-BF8C-46BC50BB9BBF}.Debug|x64.ActiveCfg = Debug|Any CPU
		{2ED24D82-4719-40BC-BF8C-46BC50BB9BBF}.Debug|x64.Build.0 = Debug|Any CPU
		{2ED24D82-4719-40BC-BF8C-46BC50BB9BBF}.Release|Any CPU.ActiveCfg = Release|Any CPU
		{2ED24D82-4719-40BC-BF8C-46BC50BB9BBF}.Release|Any CPU.Build.0 = Release|Any CPU
		{2ED24D82-4719-40BC-BF8C-46BC50BB9BBF}.Release|x64.ActiveCfg = Release|Any CPU
		{2ED24D82-4719-40BC-BF8C-46BC50BB9BBF}.Release|x64.Build.0 = Release|Any CPU
		{FFC27FB8-1173-4004-805B-7D7D9FF512A7}.Debug|Any CPU.ActiveCfg = Debug|Any CPU
		{FFC27FB8-1173-4004-805B-7D7D9FF512A7}.Debug|Any CPU.Build.0 = Debug|Any CPU
		{FFC27FB8-1173-4004-805B-7D7D9FF512A7}.Debug|x64.ActiveCfg = Debug|Any CPU
		{FFC27FB8-1173-4004-805B-7D7D9FF512A7}.Debug|x64.Build.0 = Debug|Any CPU
		{FFC27FB8-1173-4004-805B-7D7D9FF512A7}.Release|Any CPU.ActiveCfg = Release|Any CPU
		{FFC27FB8-1173-4004-805B-7D7D9FF512A7}.Release|Any CPU.Build.0 = Release|Any CPU
		{FFC27FB8-1173-4004-805B-7D7D9FF512A7}.Release|x64.ActiveCfg = Release|Any CPU
		{FFC27FB8-1173-4004-805B-7D7D9FF512A7}.Release|x64.Build.0 = Release|Any CPU
		{2E4415C5-3D87-4104-B9CF-544C2E6492F2}.Debug|Any CPU.ActiveCfg = Debug|Any CPU
		{2E4415C5-3D87-4104-B9CF-544C2E6492F2}.Debug|Any CPU.Build.0 = Debug|Any CPU
		{2E4415C5-3D87-4104-B9CF-544C2E6492F2}.Debug|x64.ActiveCfg = Debug|Any CPU
		{2E4415C5-3D87-4104-B9CF-544C2E6492F2}.Debug|x64.Build.0 = Debug|Any CPU
		{2E4415C5-3D87-4104-B9CF-544C2E6492F2}.Release|Any CPU.ActiveCfg = Release|Any CPU
		{2E4415C5-3D87-4104-B9CF-544C2E6492F2}.Release|Any CPU.Build.0 = Release|Any CPU
		{2E4415C5-3D87-4104-B9CF-544C2E6492F2}.Release|x64.ActiveCfg = Release|Any CPU
		{2E4415C5-3D87-4104-B9CF-544C2E6492F2}.Release|x64.Build.0 = Release|Any CPU
		{FD817F7F-0C19-42D9-BDC1-F5C2028B015B}.Debug|Any CPU.ActiveCfg = Debug|Any CPU
		{FD817F7F-0C19-42D9-BDC1-F5C2028B015B}.Debug|Any CPU.Build.0 = Debug|Any CPU
		{FD817F7F-0C19-42D9-BDC1-F5C2028B015B}.Debug|x64.ActiveCfg = Debug|Any CPU
		{FD817F7F-0C19-42D9-BDC1-F5C2028B015B}.Debug|x64.Build.0 = Debug|Any CPU
		{FD817F7F-0C19-42D9-BDC1-F5C2028B015B}.Release|Any CPU.ActiveCfg = Release|Any CPU
		{FD817F7F-0C19-42D9-BDC1-F5C2028B015B}.Release|Any CPU.Build.0 = Release|Any CPU
		{FD817F7F-0C19-42D9-BDC1-F5C2028B015B}.Release|x64.ActiveCfg = Release|Any CPU
		{FD817F7F-0C19-42D9-BDC1-F5C2028B015B}.Release|x64.Build.0 = Release|Any CPU
		{1D253392-DD20-412C-A5B7-3F62E8747533}.Debug|Any CPU.ActiveCfg = Debug|Any CPU
		{1D253392-DD20-412C-A5B7-3F62E8747533}.Debug|Any CPU.Build.0 = Debug|Any CPU
		{1D253392-DD20-412C-A5B7-3F62E8747533}.Debug|x64.ActiveCfg = Debug|Any CPU
		{1D253392-DD20-412C-A5B7-3F62E8747533}.Debug|x64.Build.0 = Debug|Any CPU
		{1D253392-DD20-412C-A5B7-3F62E8747533}.Release|Any CPU.ActiveCfg = Release|Any CPU
		{1D253392-DD20-412C-A5B7-3F62E8747533}.Release|Any CPU.Build.0 = Release|Any CPU
		{1D253392-DD20-412C-A5B7-3F62E8747533}.Release|x64.ActiveCfg = Release|Any CPU
		{1D253392-DD20-412C-A5B7-3F62E8747533}.Release|x64.Build.0 = Release|Any CPU
	EndGlobalSection
	GlobalSection(SolutionProperties) = preSolution
		HideSolutionNode = FALSE
	EndGlobalSection
	GlobalSection(ExtensibilityGlobals) = postSolution
		SolutionGuid = {1002F245-4F0E-42C6-A4EC-CD3745E64632}
	EndGlobalSection
	GlobalSection(TeamFoundationVersionControl) = preSolution
		SccNumberOfProjects = 40
		SccEnterpriseProvider = {4CA58AB2-18FA-4F8D-95D4-32DDF27D184C}
		SccTeamFoundationServer = https://desarrolloitcgsa.visualstudio.com/
		SccLocalPath0 = .
		SccProjectUniqueName1 = CSLSite\\CSLSite.csproj
		SccProjectName1 = CSLSite
		SccLocalPath1 = CSLSite
		SccProjectUniqueName2 = csl_log\\csl_log.csproj
		SccProjectName2 = csl_log
		SccLocalPath2 = csl_log
		SccProjectUniqueName3 = httpConector\\HttpConector.csproj
		SccProjectName3 = httpConector
		SccLocalPath3 = httpConector
		SccProjectUniqueName4 = ControlOPC.Entidades\\ControlOPC.Entidades.csproj
		SccProjectName4 = ControlOPC.Entidades
		SccLocalPath4 = ControlOPC.Entidades
		SccProjectUniqueName5 = SQlHandler\\SQLHandler.csproj
		SccProjectName5 = SQlHandler
		SccLocalPath5 = SQlHandler
		SccProjectUniqueName6 = ReceptioMtyStock\\ReceptioMtyStock.csproj
		SccProjectName6 = ReceptioMtyStock
		SccLocalPath6 = ReceptioMtyStock
		SccProjectUniqueName7 = ClsNotasCreditos\\ClsNotasCreditos.csproj
		SccProjectName7 = ClsNotasCreditos
		SccLocalPath7 = ClsNotasCreditos
		SccProjectUniqueName8 = ZalCuenta\\ZalCuenta.csproj
		SccProjectName8 = ZalCuenta
		SccLocalPath8 = ZalCuenta
		SccProjectUniqueName9 = ClsProformas\\ClsProformas.csproj
		SccProjectName9 = ClsProformas
		SccLocalPath9 = ClsProformas
		SccProjectUniqueName10 = ConectorBilling\\ConectorBilling.csproj
		SccProjectName10 = ConectorBilling
		SccLocalPath10 = ConectorBilling
		SccProjectUniqueName11 = ClsAutorizaciones\\ClsAutorizaciones.csproj
		SccProjectName11 = ClsAutorizaciones
		SccLocalPath11 = ClsAutorizaciones
		SccProjectUniqueName12 = ProcesaUnits\\ProcesaUnits.csproj
		SccProjectName12 = ProcesaUnits
		SccLocalPath12 = ProcesaUnits
		SccProjectUniqueName13 = ServicioEcuapass\\ServicioEcuapass.csproj
		SccProjectName13 = ServicioEcuapass
		SccLocalPath13 = ServicioEcuapass
		SccProjectUniqueName14 = Barcode\\Barcode.csproj
		SccProjectName14 = Barcode
		SccLocalPath14 = Barcode
		SccProjectUniqueName15 = MonitorVacios\\MonitorVacios.csproj
		SccProjectName15 = MonitorVacios
		SccLocalPath15 = MonitorVacios
		SccProjectUniqueName16 = AisvSav\\ClsAisvSav.csproj
		SccProjectName16 = AisvSav
		SccLocalPath16 = AisvSav
		SccProjectUniqueName17 = AccesoDatos\\AccesoDatos.csproj
		SccProjectName17 = AccesoDatos
		SccLocalPath17 = AccesoDatos
		SccProjectUniqueName18 = Aduanas\\Aduanas.csproj
		SccProjectName18 = Aduanas
		SccLocalPath18 = Aduanas
		SccProjectUniqueName19 = BDOperation\\BDOperation.csproj
		SccProjectName19 = BDOperation
		SccLocalPath19 = BDOperation
		SccProjectUniqueName20 = SqlConexion\\SqlConexion.csproj
		SccProjectName20 = SqlConexion
		SccLocalPath20 = SqlConexion
		SccProjectUniqueName21 = BillionAccesoDatos\\BillionAccesoDatos.csproj
		SccProjectName21 = BillionAccesoDatos
		SccLocalPath21 = BillionAccesoDatos
		SccProjectUniqueName22 = BillionAutenticacion\\BillionAutenticacion.csproj
		SccProjectName22 = BillionAutenticacion
		SccLocalPath22 = BillionAutenticacion
		SccProjectUniqueName23 = BillionEntidades\\BillionEntidades.csproj
		SccProjectName23 = BillionEntidades
		SccLocalPath23 = BillionEntidades
		SccProjectUniqueName24 = BillionReglasNegocio\\BillionReglasNegocio.csproj
		SccProjectName24 = BillionReglasNegocio
		SccLocalPath24 = BillionReglasNegocio
		SccProjectUniqueName25 = CasManual\\CasManual.csproj
		SccProjectName25 = CasManual
		SccLocalPath25 = CasManual
		SccProjectUniqueName26 = Configuraciones\\Configuraciones.csproj
		SccProjectName26 = Configuraciones
		SccLocalPath26 = Configuraciones
		SccProjectUniqueName27 = ControlPagos\\ControlPagos.csproj
		SccProjectName27 = ControlPagos
		SccLocalPath27 = ControlPagos
		SccProjectUniqueName28 = N4\\N4.csproj
		SccProjectName28 = N4
		SccLocalPath28 = N4
		SccProjectUniqueName29 = N4Ws\\N4Ws.csproj
		SccProjectName29 = N4Ws
		SccLocalPath29 = N4Ws
		SccProjectUniqueName30 = PasePuerta\\PasePuerta.csproj
		SccProjectName30 = PasePuerta
		SccLocalPath30 = PasePuerta
		SccProjectUniqueName31 = Salesforces\\Salesforces.csproj
		SccProjectName31 = Salesforces
		SccLocalPath31 = Salesforces
		SccProjectUniqueName32 = Sample\\Sample.csproj
		SccProjectName32 = Sample
		SccLocalPath32 = Sample
		SccProjectUniqueName33 = ServicesEntities\\ServicesEntities.csproj
		SccProjectName33 = ServicesEntities
		SccLocalPath33 = ServicesEntities
		SccProjectUniqueName34 = BreakBulk\\BreakBulk.csproj
		SccProjectName34 = BreakBulk
		SccLocalPath34 = BreakBulk
		SccProjectUniqueName35 = ClsAppCgsa\\ClsAppCgsa.csproj
		SccProjectName35 = ClsAppCgsa
		SccLocalPath35 = ClsAppCgsa
		SccProjectUniqueName36 = ClsOrdenesP2D\\ClsOrdenesP2D.csproj
		SccProjectName36 = ClsOrdenesP2D
		SccLocalPath36 = ClsOrdenesP2D
		SccProjectUniqueName37 = N4WS_CRE\\N4WS_CRE.csproj
		SccProjectName37 = N4WS_CRE
		SccLocalPath37 = N4WS_CRE
		SccProjectUniqueName38 = VBSEntidades\\VBSEntidades.csproj
		SccProjectName38 = VBSEntidades
		SccLocalPath38 = VBSEntidades
		SccProjectUniqueName39 = CLSiteUnitLogic\\CLSiteUnitLogic.csproj
		SccProjectName39 = CLSiteUnitLogic
		SccLocalPath39 = CLSiteUnitLogic
	EndGlobalSection
EndGlobal
